
Microsoft Visual Studio Solution File, Format Version 12.00
# Visual Studio Version 17
VisualStudioVersion = 17.0.31903.59
MinimumVisualStudioVersion = 10.0.40219.1
Project("{FAE04EC0-301F-11D3-BF4B-00C04F79EFBC}") = "WordSearch.Domain", "WordSearch.Domain\WordSearch.Domain.csproj", "{116529DA-85CF-4CDB-AA00-85C6549B9C6A}"
EndProject
Project("{FAE04EC0-301F-11D3-BF4B-00C04F79EFBC}") = "WordSearch.Application", "WordSearch.Application\WordSearch.Application.csproj", "{FAAF0ED9-6CE3-4ED6-87D5-272466EFA39B}"
EndProject
Project("{FAE04EC0-301F-11D3-BF4B-00C04F79EFBC}") = "WordSearch.Infrastructure", "WordSearch.Infrastructure\WordSearch.Infrastructure.csproj", "{B0A62B5F-518B-453B-A44D-8679AEAC2802}"
EndProject
Project("{FAE04EC0-301F-11D3-BF4B-00C04F79EFBC}") = "WordSearch.Web", "WordSearch.Web\WordSearch.Web.csproj", "{5444F8C2-00ED-48A1-A4E1-CA252CBCFEEB}"
EndProject
Project("{FAE04EC0-301F-11D3-BF4B-00C04F79EFBC}") = "WordSearch.Tests", "WordSearch.Tests\WordSearch.Tests.csproj", "{24FB0887-2C93-46E5-87F8-463C0BA7601E}"
EndProject
Project("{FAE04EC0-301F-11D3-BF4B-00C04F79EFBC}") = "WordSearch.Tests.Ui", "WordSearch.Tests.Ui\WordSearch.Tests.Ui.csproj", "{EBE9F11B-9AEF-4262-96D6-423DE6991900}"
EndProject
Global
	GlobalSection(SolutionConfigurationPlatforms) = preSolution
		Debug|Any CPU = Debug|Any CPU
		Release|Any CPU = Release|Any CPU
	EndGlobalSection
	GlobalSection(SolutionProperties) = preSolution
		HideSolutionNode = FALSE
	EndGlobalSection
	GlobalSection(ProjectConfigurationPlatforms) = postSolution
		{116529DA-85CF-4CDB-AA00-85C6549B9C6A}.Debug|Any CPU.ActiveCfg = Debug|Any CPU
		{116529DA-85CF-4CDB-AA00-85C6549B9C6A}.Debug|Any CPU.Build.0 = Debug|Any CPU
		{116529DA-85CF-4CDB-AA00-85C6549B9C6A}.Release|Any CPU.ActiveCfg = Release|Any CPU
		{116529DA-85CF-4CDB-AA00-85C6549B9C6A}.Release|Any CPU.Build.0 = Release|Any CPU
		{FAAF0ED9-6CE3-4ED6-87D5-272466EFA39B}.Debug|Any CPU.ActiveCfg = Debug|Any CPU
		{FAAF0ED9-6CE3-4ED6-87D5-272466EFA39B}.Debug|Any CPU.Build.0 = Debug|Any CPU
		{FAAF0ED9-6CE3-4ED6-87D5-272466EFA39B}.Release|Any CPU.ActiveCfg = Release|Any CPU
		{FAAF0ED9-6CE3-4ED6-87D5-272466EFA39B}.Release|Any CPU.Build.0 = Release|Any CPU
		{B0A62B5F-518B-453B-A44D-8679AEAC2802}.Debug|Any CPU.ActiveCfg = Debug|Any CPU
		{B0A62B5F-518B-453B-A44D-8679AEAC2802}.Debug|Any CPU.Build.0 = Debug|Any CPU
		{B0A62B5F-518B-453B-A44D-8679AEAC2802}.Release|Any CPU.ActiveCfg = Release|Any CPU
		{B0A62B5F-518B-453B-A44D-8679AEAC2802}.Release|Any CPU.Build.0 = Release|Any CPU
		{5444F8C2-00ED-48A1-A4E1-CA252CBCFEEB}.Debug|Any CPU.ActiveCfg = Debug|Any CPU
		{5444F8C2-00ED-48A1-A4E1-CA252CBCFEEB}.Debug|Any CPU.Build.0 = Debug|Any CPU
		{5444F8C2-00ED-48A1-A4E1-CA252CBCFEEB}.Release|Any CPU.ActiveCfg = Release|Any CPU
		{5444F8C2-00ED-48A1-A4E1-CA252CBCFEEB}.Release|Any CPU.Build.0 = Release|Any CPU
		{24FB0887-2C93-46E5-87F8-463C0BA7601E}.Debug|Any CPU.ActiveCfg = Debug|Any CPU
		{24FB0887-2C93-46E5-87F8-463C0BA7601E}.Debug|Any CPU.Build.0 = Debug|Any CPU
		{24FB0887-2C93-46E5-87F8-463C0BA7601E}.Release|Any CPU.ActiveCfg = Release|Any CPU
		{24FB0887-2C93-46E5-87F8-463C0BA7601E}.Release|Any CPU.Build.0 = Release|Any CPU
		{EBE9F11B-9AEF-4262-96D6-423DE6991900}.Debug|Any CPU.ActiveCfg = Debug|Any CPU
		{EBE9F11B-9AEF-4262-96D6-423DE6991900}.Debug|Any CPU.Build.0 = Debug|Any CPU
		{EBE9F11B-9AEF-4262-96D6-423DE6991900}.Release|Any CPU.ActiveCfg = Release|Any CPU
		{EBE9F11B-9AEF-4262-96D6-423DE6991900}.Release|Any CPU.Build.0 = Release|Any CPU
	EndGlobalSection
EndGlobal
